
Microsoft Visual Studio Solution File, Format Version 12.00
# Visual Studio Version 16
VisualStudioVersion = 16.0.30320.27
MinimumVisualStudioVersion = 10.0.40219.1
Project("{8BC9CEB8-8B4A-11D0-8D11-00A0C91BC942}") = "QClnt_1", "QClnt_1\QClnt_1.vcxproj", "{FFF0E753-0B36-480F-9B10-23CBC2CA2D56}"
EndProject
Global
	GlobalSection(SolutionConfigurationPlatforms) = preSolution
		Debug|x64 = Debug|x64
		Debug|x86 = Debug|x86
		Release|x64 = Release|x64
		Release|x86 = Release|x86
	EndGlobalSection
	GlobalSection(ProjectConfigurationPlatforms) = postSolution
		{FFF0E753-0B36-480F-9B10-23CBC2CA2D56}.Debug|x64.ActiveCfg = Debug|x64
		{FFF0E753-0B36-480F-9B10-23CBC2CA2D56}.Debug|x64.Build.0 = Debug|x64
		{FFF0E753-0B36-480F-9B10-23CBC2CA2D56}.Debug|x86.ActiveCfg = Debug|Win32
		{FFF0E753-0B36-480F-9B10-23CBC2CA2D56}.Debug|x86.Build.0 = Debug|Win32
		{FFF0E753-0B36-480F-9B10-23CBC2CA2D56}.Release|x64.ActiveCfg = Release|x64
		{FFF0E753-0B36-480F-9B10-23CBC2CA2D56}.Release|x64.Build.0 = Release|x64
		{FFF0E753-0B36-480F-9B10-23CBC2CA2D56}.Release|x86.ActiveCfg = Release|Win32
		{FFF0E753-0B36-480F-9B10-23CBC2CA2D56}.Release|x86.Build.0 = Release|Win32
	EndGlobalSection
	GlobalSection(SolutionProperties) = preSolution
		HideSolutionNode = FALSE
	EndGlobalSection
	GlobalSection(ExtensibilityGlobals) = postSolution
		SolutionGuid = {F2C0DCE4-CD06-4A1C-B92C-EB6C8218C836}
	EndGlobalSection
EndGlobal
